{
    "version": 3,
    "terraform_version": "0.11.8",
    "serial": 21,
    "lineage": "6c82096d-57d5-3a90-6385-22a39f289fb8",
    "modules": [
        {
            "path": [
                "root"
            ],
            "outputs": {},
            "resources": {
                "aws_internet_gateway.gw": {
                    "type": "aws_internet_gateway",
                    "depends_on": [
                        "aws_vpc.main"
                    ],
                    "primary": {
                        "id": "igw-083fcd2c7466786f0",
                        "attributes": {
                            "id": "igw-083fcd2c7466786f0",
                            "tags.%": "1",
                            "tags.Name": "lamp_igw",
                            "vpc_id": "vpc-066fde205ec582f77"
                        },
                        "meta": {},
                        "tainted": false
                    },
                    "deposed": [],
                    "provider": "provider.aws"
                },
                "aws_route_table.public-rt": {
                    "type": "aws_route_table",
                    "depends_on": [
                        "aws_vpc.main"
                    ],
                    "primary": {
                        "id": "rtb-08f2d762748242c6e",
                        "attributes": {
                            "id": "rtb-08f2d762748242c6e",
                            "propagating_vgws.#": "0",
                            "route.#": "0",
                            "tags.%": "1",
                            "tags.Name": "public-rt",
                            "vpc_id": "vpc-066fde205ec582f77"
                        },
                        "meta": {},
                        "tainted": false
                    },
                    "deposed": [],
                    "provider": "provider.aws"
                },
                "aws_route_table_association.public-rt-association": {
                    "type": "aws_route_table_association",
                    "depends_on": [
                        "aws_route_table.public-rt",
                        "data.aws_subnet.public-sub-lamp"
                    ],
                    "primary": {
                        "id": "rtbassoc-079ed1aa44088851e",
                        "attributes": {
                            "id": "rtbassoc-079ed1aa44088851e",
                            "route_table_id": "rtb-08f2d762748242c6e",
                            "subnet_id": "subnet-089df587cae70502b"
                        },
                        "meta": {},
                        "tainted": false
                    },
                    "deposed": [],
                    "provider": "provider.aws"
                },
                "aws_security_group.allow_internal_": {
                    "type": "aws_security_group",
                    "depends_on": [
                        "aws_vpc.main"
                    ],
                    "primary": {
                        "id": "sg-00ec889ca05f7d5bb",
                        "attributes": {
                            "arn": "arn:aws:ec2:us-east-2:948553607957:security-group/sg-00ec889ca05f7d5bb",
                            "description": "Allow all internal inbound traffic",
                            "egress.#": "1",
                            "egress.482069346.cidr_blocks.#": "1",
                            "egress.482069346.cidr_blocks.0": "0.0.0.0/0",
                            "egress.482069346.description": "",
                            "egress.482069346.from_port": "0",
                            "egress.482069346.ipv6_cidr_blocks.#": "0",
                            "egress.482069346.prefix_list_ids.#": "0",
                            "egress.482069346.protocol": "-1",
                            "egress.482069346.security_groups.#": "0",
                            "egress.482069346.self": "false",
                            "egress.482069346.to_port": "0",
                            "id": "sg-00ec889ca05f7d5bb",
                            "ingress.#": "1",
                            "ingress.1507744354.cidr_blocks.#": "1",
                            "ingress.1507744354.cidr_blocks.0": "172.40.0.0/16",
                            "ingress.1507744354.description": "",
                            "ingress.1507744354.from_port": "0",
                            "ingress.1507744354.ipv6_cidr_blocks.#": "0",
                            "ingress.1507744354.protocol": "-1",
                            "ingress.1507744354.security_groups.#": "0",
                            "ingress.1507744354.self": "false",
                            "ingress.1507744354.to_port": "0",
                            "name": "allow_internal",
                            "owner_id": "948553607957",
                            "revoke_rules_on_delete": "false",
                            "tags.%": "0",
                            "vpc_id": "vpc-066fde205ec582f77"
                        },
                        "meta": {
                            "e2bfb730-ecaa-11e6-8f88-34363bc7c4c0": {
                                "create": 600000000000,
                                "delete": 600000000000
                            },
                            "schema_version": "1"
                        },
                        "tainted": false
                    },
                    "deposed": [],
                    "provider": "provider.aws"
                },
                "aws_subnet.main": {
                    "type": "aws_subnet",
                    "depends_on": [
                        "aws_vpc.main"
                    ],
                    "primary": {
                        "id": "subnet-0e3051e064cb00f20",
                        "attributes": {
                            "arn": "arn:aws:ec2:us-east-2:948553607957:subnet/subnet-0e3051e064cb00f20",
                            "assign_ipv6_address_on_creation": "false",
                            "availability_zone": "us-east-2b",
                            "cidr_block": "172.40.1.0/24",
                            "id": "subnet-0e3051e064cb00f20",
                            "map_public_ip_on_launch": "false",
                            "tags.%": "1",
                            "tags.Name": "private-sub-lamp",
                            "vpc_id": "vpc-066fde205ec582f77"
                        },
                        "meta": {
                            "schema_version": "1"
                        },
                        "tainted": false
                    },
                    "deposed": [],
                    "provider": "provider.aws"
                },
                "aws_vpc.main": {
                    "type": "aws_vpc",
                    "depends_on": [],
                    "primary": {
                        "id": "vpc-066fde205ec582f77",
                        "attributes": {
                            "arn": "arn:aws:ec2:us-east-2:948553607957:vpc/vpc-066fde205ec582f77",
                            "assign_generated_ipv6_cidr_block": "false",
                            "cidr_block": "172.40.0.0/16",
                            "default_network_acl_id": "acl-003640402a2094b43",
                            "default_route_table_id": "rtb-0d496e5e70e0e97bd",
                            "default_security_group_id": "sg-0035a6451557afd1e",
                            "dhcp_options_id": "dopt-fef8f296",
                            "enable_dns_hostnames": "false",
                            "enable_dns_support": "true",
                            "id": "vpc-066fde205ec582f77",
                            "instance_tenancy": "dedicated",
                            "main_route_table_id": "rtb-0d496e5e70e0e97bd",
                            "tags.%": "1",
                            "tags.Name": "lamp-vpc"
                        },
                        "meta": {
                            "schema_version": "1"
                        },
                        "tainted": false
                    },
                    "deposed": [],
                    "provider": "provider.aws"
                },
                "data.aws_subnet.public-sub-lamp": {
                    "type": "aws_subnet",
                    "depends_on": [],
                    "primary": {
                        "id": "subnet-089df587cae70502b",
                        "attributes": {
                            "arn": "arn:aws:ec2:us-east-2:948553607957:subnet/subnet-089df587cae70502b",
                            "assign_ipv6_address_on_creation": "false",
                            "availability_zone": "us-east-2b",
                            "cidr_block": "172.40.11.0/24",
                            "default_for_az": "false",
                            "id": "subnet-089df587cae70502b",
                            "map_public_ip_on_launch": "false",
                            "state": "available",
                            "tags.%": "1",
                            "tags.Name": "public-sub-lamp",
                            "vpc_id": "vpc-066fde205ec582f77"
                        },
                        "meta": {},
                        "tainted": false
                    },
                    "deposed": [],
                    "provider": "provider.aws"
                }
            },
            "depends_on": []
        }
    ]
}
